github.com/Liamsi/lazyledger-prototype v0.0.0-20191202203011-001f785078ac h1:4jk4t/TOhv7MHzJFDbS3f6d1qKM0IBDn/WdYs4IfO38=
github.com/Liamsi/lazyledger-prototype v0.0.0-20191202203011-001f785078ac/go.mod h1:5rfW4N32att+Xk0kvhP67WnWKOapDMeh3pW8MSbuw+Y=
github.com/NebulousLabs/errors v0.0.0-20181203160057-9f787ce8f69e h1:9UwdEr0AFI021vXG+hXDGH9ZHGuNtPCdJkRTqcIhJ3A=
github.com/NebulousLabs/errors v0.0.0-20181203160057-9f787ce8f69e/go.mod h1:J7tUI9Fg4YuFLsqeLE5uIp93Fot9oBCw2vwZJvLmWso=
github.com/NebulousLabs/fastrand v0.0.0-20181203155948-6fb6489aac4e h1:n+DcnTNkQnHlwpsrHoQtkrJIO7CBx029fw6oR4vIob4=
github.com/NebulousLabs/fastrand v0.0.0-20181203155948-6fb6489aac4e/go.mod h1:Bdzq+51GR4/0DIhaICZEOm+OHvXGwwB2trKZ8B4Y6eQ=
github.com/NebulousLabs/merkletree v0.0.0-20181203152040-08d5d54b07f5 h1:pk9SclNGplPbF6YDIDKMhHh9SaUWcoxPkMr7zdu1hfk=
github.com/NebulousLabs/merkletree v0.0.0-20181203152040-08d5d54b07f5/go.mod h1:Cn056wBLKay+uIS9LJn7ymwhgC5mqbOtG6iOhEvyy4M=
github.com/aead/siphash v1.0.1/go.mod h1:Nywa3cDsYNNK3gaciGTWPwHt0wlpNV15vwmswBAUSII=
github.com/ajstarks/svgo v0.0.0-20180226025133-644b8db467af/go.mod h1:K08gAheRH3/J6wwsYMMT4xOr94bZjxIelGM0+d/wbFw=
github.com/btcsuite/btcd v0.0.0-20190213025234-306aecffea32 h1:qkOC5Gd33k54tobS36cXdAzJbeHaduLtnLQQwNoIi78=
github.com/btcsuite/btcd v0.0.0-20190213025234-306aecffea32/go.mod h1:DrZx5ec/dmnfpw9KyYoQyYo7d0KEvTkk/5M/vbZjAr8=
github.com/btcsuite/btclog v0.0.0-20170628155309-84c8d2346e9f/go.mod h1:TdznJufoqS23FtqVCzL0ZqgP5MqXbb4fg/WgDys70nA=
github.com/btcsuite/btcutil v0.0.0-20190207003914-4c204d697803/go.mod h1:+5NJ2+qvTyV9exUAL/rxXi3DcLg2Ts+ymUAY5y4NvMg=
github.com/btcsuite/go-socks v0.0.0-20170105172521-4720035b7bfd/go.mod h1:HHNXQzUsZCxOoE+CPiyCTO6x34Zs86zZUiwtpXoGdtg=
github.com/btcsuite/goleveldb v0.0.0-20160330041536-7834afc9e8cd/go.mod h1:F+uVaaLLH7j4eDXPRvw78tMflu7Ie2bzYOH4Y8rRKBY=
github.com/btcsuite/snappy-go v0.0.0-20151229074030-0bdef8d06723/go.mod h1:8woku9dyThutzjeg+3xrA5iCpBRH8XEEg3lh6TiUghc=
github.com/btcsuite/websocket v0.0.0-20150119174127-31079b680792/go.mod h1:ghJtEyQwv5/p4Mg4C0fgbePVuGr935/5ddU9Z3TmDRY=
github.com/btcsuite/winsvc v1.0.0/go.mod h1:jsenWakMcC0zFBFurPLEAyrnc/teJEM1O46fmI40EZs=
github.com/coreos/go-semver v0.3.0/go.mod h1:nnelYz7RCh+5ahJtPPxZlU+153eP4D4r3EedlOD2RNk=
github.com/davecgh/go-spew v0.0.0-20171005155431-ecdeabc65495 h1:6IyqGr3fnd0tM3YxipK27TUskaOVUjU2nG45yzwcQKY=
github.com/davecgh/go-spew v0.0.0-20171005155431-ecdeabc65495/go.mod h1:J7Y8YcW2NihsgmVo/mv3lAwl/skON4iLHjSsI+c5H38=
github.com/fogleman/gg v1.2.1-0.20190220221249-0403632d5b90/go.mod h1:R/bRT+9gY/C5z7JzPU0zXsXHKM4/ayA+zqcVNZzPa1k=
github.com/fsnotify/fsnotify v1.4.7/go.mod h1:jwhsz4b93w/PPRr/qN1Yymfu8t87LnFCMoQvtojpjFo=
github.com/gogo/protobuf v1.2.1 h1:/s5zKNz0uPFCZ5hddgPdo2TK2TVrUNMn0OOX8/aZMTE=
github.com/gogo/protobuf v1.2.1/go.mod h1:hp+jE20tsWTFYpLwKvXlhS1hjn+gTNwPg2I6zVXpSg4=
github.com/golang/freetype v0.0.0-20170609003504-e2365dfdc4a0/go.mod h1:E/TSTwGwJL78qG/PmXZO1EjYhfJinVAhrmmHX6Z8B9k=
github.com/golang/protobuf v1.2.0/go.mod h1:6lQm79b+lXiMfvg/cZm0SGofjICqVBUtrP5yJMmIC1U=
github.com/golang/protobuf v1.3.2 h1:6nsPYzhq5kReh6QImI3k5qWzO4PEbvbIW2cwSfR/6xs=
github.com/golang/protobuf v1.3.2/go.mod h1:6lQm79b+lXiMfvg/cZm0SGofjICqVBUtrP5yJMmIC1U=
github.com/gxed/hashland/keccakpg v0.0.1 h1:wrk3uMNaMxbXiHibbPO4S0ymqJMm41WiudyFSs7UnsU=
github.com/gxed/hashland/keccakpg v0.0.1/go.mod h1:kRzw3HkwxFU1mpmPP8v1WyQzwdGfmKFJ6tItnhQ67kU=
github.com/gxed/hashland/murmur3 v0.0.1 h1:SheiaIt0sda5K+8FLz952/1iWS9zrnKsEJaOJu4ZbSc=
github.com/gxed/hashland/murmur3 v0.0.1/go.mod h1:KjXop02n4/ckmZSnY2+HKcLud/tcmvhST0bie/0lS48=
github.com/hpcloud/tail v1.0.0/go.mod h1:ab1qPbhIpdTxEkNHXyeSf5vhxWSCs/tWer42PpOxQnU=
github.com/ipfs/go-cid v0.0.1/go.mod h1:GHWU/WuQdMPmIosc4Yn1bcCT7dSeX4lBafM7iqUPQvM=
github.com/jbenet/goprocess v0.0.0-20160826012719-b497e2f366b8/go.mod h1:Ly/wlsjFq/qrU3Rar62tu1gASgGw6chQbSh/XgIIXCY=
github.com/jessevdk/go-flags v0.0.0-20141203071132-1679536dcc89/go.mod h1:4FA24M0QyGHXBuZZK/XkWh8h0e1EYbRYJSGM75WSRxI=
github.com/jrick/logrotate v1.0.0/go.mod h1:LNinyqDIJnpAur+b8yyulnQw/wDuN1+BYKlTRt3OuAQ=
github.com/jung-kurt/gofpdf v1.0.3-0.20190309125859-24315acbbda5/go.mod h1:7Id9E/uU8ce6rXgefFLlgrJj/GYY22cpxn+r32jIOes=
github.com/kisielk/errcheck v1.1.0/go.mod h1:EZBBE59ingxPouuu3KfxchcWSUPOHkagtvWXihfKN4Q=
github.com/kisielk/gotool v1.0.0/go.mod h1:XhKaO+MFFWcvkIS/tQcRk01m1F5IRFswLeQ+oQHNcck=
github.com/kkdai/bstream v0.0.0-20161212061736-f391b8402d23/go.mod h1:J+Gs4SYgM6CZQHDETBtE9HaSEkGmuNXF86RwHhHUvq4=
github.com/libp2p/go-flow-metrics v0.0.1/go.mod h1:Iv1GH0sG8DtYN3SVJ2eG221wMiNpZxBdp967ls1g+k8=
github.com/libp2p/go-libp2p-core v0.0.1 h1:HSTZtFIq/W5Ue43Zw+uWZyy2Vl5WtF0zDjKN8/DT/1I=
github.com/libp2p/go-libp2p-core v0.0.1/go.mod h1:g/VxnTZ/1ygHxH3dKok7Vno1VfpvGcGip57wjTU4fco=
github.com/libp2p/go-libp2p-crypto v0.1.0 h1:k9MFy+o2zGDNGsaoZl0MA3iZ75qXxr9OOoAZF+sD5OQ=
github.com/libp2p/go-libp2p-crypto v0.1.0/go.mod h1:sPUokVISZiy+nNuTTH/TY+leRSxnFj/2GLjtOTW90hI=
github.com/minio/blake2b-simd v0.0.0-20160723061019-3f5f724cb5b1 h1:lYpkrQH5ajf0OXOcUbGjvZxxijuBwbbmlSxLiuofa+g=
github.com/minio/blake2b-simd v0.0.0-20160723061019-3f5f724cb5b1/go.mod h1:pD8RvIylQ358TN4wwqatJ8rNavkEINozVn9DtGI3dfQ=
github.com/minio/sha256-simd v0.0.0-20190131020904-2d45a736cd16 h1:5W7KhL8HVF3XCFOweFD3BNESdnO8ewyYTFT2R+/b8FQ=
github.com/minio/sha256-simd v0.0.0-20190131020904-2d45a736cd16/go.mod h1:2FMWW+8GMoPweT6+pI63m9YE3Lmw4J71hV56Chs1E/U=
github.com/mr-tron/base58 v1.1.0/go.mod h1:xcD2VGqlgYjBdcBLw+TuYLr8afG+Hj8g2eTVqeSzSU8=
github.com/mr-tron/base58 v1.1.1 h1:OJIdWOWYe2l5PQNgimGtuwHY8nDskvJ5vvs//YnzRLs=
github.com/mr-tron/base58 v1.1.1/go.mod h1:xcD2VGqlgYjBdcBLw+TuYLr8afG+Hj8g2eTVqeSzSU8=
github.com/multiformats/go-base32 v0.0.3/go.mod h1:pLiuGC8y0QR3Ue4Zug5UzK9LjgbkL8NSQj0zQ5Nz/AA=
github.com/multiformats/go-multiaddr v0.0.2 h1:RBysRCv5rv3FWlhKWKoXv8tnsCUpEpIZpCmqAGZos2s=
github.com/multiformats/go-multiaddr v0.0.2/go.mod h1:xKVEak1K9cS1VdmPZW3LSIb6lgmoS58qz/pzqmAxV44=
github.com/multiformats/go-multibase v0.0.1/go.mod h1:bja2MqRZ3ggyXtZSEDKpl0uO/gviWFaSteVbWT51qgs=
github.com/multiformats/go-multihash v0.0.1 h1:HHwN1K12I+XllBCrqKnhX949Orn4oawPkegHMu2vDqQ=
github.com/multiformats/go-multihash v0.0.1/go.mod h1:w/5tugSrLEbWqlcgJabL3oHFKTwfvkofsjW2Qa1ct4U=
github.com/musalbas/rsmt2d v0.0.0-20190404120741-a86475b45c34 h1:wCQrUhg02MZYVs/7+O5ruFn+4/hxIMwwNo1ZrBpxkv8=
github.com/musalbas/rsmt2d v0.0.0-20190404120741-a86475b45c34/go.mod h1:+7gqERHnegKkPhUnM65yD6AJXeFkCqC6kF2eOiGeMYU=
github.com/onsi/ginkgo v1.6.0/go.mod h1:lLunBs/Ym6LB5Z9jYTR76FiuTmxDTDusOGeTQH+WWjE=
github.com/onsi/ginkgo v1.7.0/go.mod h1:lLunBs/Ym6LB5Z9jYTR76FiuTmxDTDusOGeTQH+WWjE=
github.com/onsi/gomega v1.4.3/go.mod h1:ex+gbHU/CVuBBDIJjb2X0qEXbFg53c61hWP/1CpauHY=
github.com/spacemonkeygo/errors v0.0.0-20171212215202-9064522e9fd1 h1:xHQewZjohU9/wUsyC99navCjQDNHtTgUOM/J1jAbzfw=
github.com/spacemonkeygo/errors v0.0.0-20171212215202-9064522e9fd1/go.mod h1:7NL9UAYQnRM5iKHUCld3tf02fKb5Dft+41+VckASUy0=
github.com/spacemonkeygo/openssl v0.0.0-20181017203307-c2dcc5cca94a h1:/eS3yfGjQKG+9kayBkj0ip1BGhq6zJ3eaVksphxAaek=
github.com/spacemonkeygo/openssl v0.0.0-20181017203307-c2dcc5cca94a/go.mod h1:7AyxJNCJ7SBZ1MfVQCWD6Uqo2oubI2Eq2y2eqf+A5r0=
github.com/spacemonkeygo/spacelog v0.0.0-20180420211403-2296661a0572 h1:RC6RW7j+1+HkWaX/Yh71Ee5ZHaHYt7ZP4sQgUrm6cDU=
github.com/spacemonkeygo/spacelog v0.0.0-20180420211403-2296661a0572/go.mod h1:w0SWMsp6j9O/dk4/ZpIhL+3CkG8ofA2vuv7k+ltqUMc=
github.com/vivint/infectious v0.0.0-20190108171102-2455b059135b h1:dLkqBELopfQNhe8S9ucnSf+HhiUCgK/hPIjVG0f9GlY=
github.com/vivint/infectious v0.0.0-20190108171102-2455b059135b/go.mod h1:5oyMAv4hrBEKqBwORFsiqIrCNCmL2qcZLQTdJLYeYIc=
gitlab.com/NebulousLabs/errors v0.0.0-20171229012116-7ead97ef90b8 h1:gZfMjx7Jr6N8b7iJO4eUjDsn6xJqoyXg8D+ogdoAfKY=
gitlab.com/NebulousLabs/errors v0.0.0-20171229012116-7ead97ef90b8/go.mod h1:ZkMZ0dpQyWwlENaeZVBiQRjhMEZvk6VTXquzl3FOFP8=
gitlab.com/NebulousLabs/fastrand v0.0.0-20181126182046-603482d69e40 h1:dizWJqTWjwyD8KGcMOwgrkqu1JIkofYgKkmDeNE7oAs=
gitlab.com/NebulousLabs/fastrand v0.0.0-20181126182046-603482d69e40/go.mod h1:rOnSnoRyxMI3fe/7KIbVcsHRGxe30OONv8dEgo+vCfA=
gitlab.com/NebulousLabs/merkletree v0.0.0-20191001163158-1a1cd50334d4 h1:k+9TkSymRzHI2q1N7FUYefbg67UC7gMwBXz1pjvJ1SM=
gitlab.com/NebulousLabs/merkletree v0.0.0-20191001163158-1a1cd50334d4/go.mod h1:xItahGeKIkh9BQfxDEX6O3eWxOxbLBPX738sXm0uVaQ=
golang.org/x/crypto v0.0.0-20170930174604-9419663f5a44/go.mod h1:6SG95UA2DQfeDnfUPMdvaQW0Q7yPrPDi9nlGo2tz2b4=
golang.org/x/crypto v0.0.0-20190211182817-74369b46fc67/go.mod h1:6SG95UA2DQfeDnfUPMdvaQW0Q7yPrPDi9nlGo2tz2b4=
golang.org/x/crypto v0.0.0-20190225124518-7f87c0fbb88b h1:+/WWzjwW6gidDJnMKWLKLX1gxn7irUTF1fLpQovfQ5M=
golang.org/x/crypto v0.0.0-20190225124518-7f87c0fbb88b/go.mod h1:6SG95UA2DQfeDnfUPMdvaQW0Q7yPrPDi9nlGo2tz2b4=
golang.org/x/exp v0.0.0-20180321215751-8460e604b9de/go.mod h1:CJ0aWSM057203Lf6IL+f9T1iT9GByDxfZKAQTCR3kQA=
golang.org/x/exp v0.0.0-20180807140117-3d87b88a115f/go.mod h1:CJ0aWSM057203Lf6IL+f9T1iT9GByDxfZKAQTCR3kQA=
golang.org/x/exp v0.0.0-20190125153040-c74c464bbbf2 h1:y102fOLFqhV41b+4GPiJoa0k/x+pJcEi2/HB1Y5T6fU=
golang.org/x/exp v0.0.0-20190125153040-c74c464bbbf2/go.mod h1:CJ0aWSM057203Lf6IL+f9T1iT9GByDxfZKAQTCR3kQA=
golang.org/x/image v0.0.0-20180708004352-c73c2afc3b81/go.mod h1:ux5Hcp/YLpHSI86hEcLt0YII63i6oz57MZXIpbrjZUs=
golang.org/x/net v0.0.0-20180906233101-161cd47e91fd h1:nTDtHvHSdCn1m6ITfMRqtOd/9+7a3s8RBNOZ3eYZzJA=
golang.org/x/net v0.0.0-20180906233101-161cd47e91fd/go.mod h1:mL1N/T3taQHkDXs73rZJwtUhF3w3ftmwwsq0BUmARs4=
golang.org/x/sync v0.0.0-20180314180146-1d60e4601c6f/go.mod h1:RxMgew5VJxzue5/jJTE5uejpjVlOe/izrB70Jof72aM=
golang.org/x/sys v0.0.0-20180909124046-d0be0721c37e/go.mod h1:STP8DvDyc/dI5b8T5hshtkjS+E42TnysNCUPdjciGhY=
golang.org/x/sys v0.0.0-20190219092855-153ac476189d h1:Z0Ahzd7HltpJtjAHHxX8QFP3j1yYgiuvjbjRzDj/KH0=
golang.org/x/sys v0.0.0-20190219092855-153ac476189d/go.mod h1:STP8DvDyc/dI5b8T5hshtkjS+E42TnysNCUPdjciGhY=
golang.org/x/text v0.3.0/go.mod h1:NqM8EUOU14njkJ3fqMW+pc6Ldnwhi/IjpwHt7yyuwOQ=
golang.org/x/tools v0.0.0-20180221164845-07fd8470d635/go.mod h1:n7NCudcB/nEzxVGmLbDWY5pfWTLqBcC2KZ6jyYvM4mQ=
golang.org/x/tools v0.0.0-20180525024113-a5b4c53f6e8b/go.mod h1:n7NCudcB/nEzxVGmLbDWY5pfWTLqBcC2KZ6jyYvM4mQ=
golang.org/x/tools v0.0.0-20190206041539-40960b6deb8e/go.mod h1:n7NCudcB/nEzxVGmLbDWY5pfWTLqBcC2KZ6jyYvM4mQ=
gonum.org/v1/gonum v0.0.0-20180816165407-929014505bf4/go.mod h1:Y+Yx5eoAFn32cQvJDxZx5Dpnq+c3wtXuadVZAcxbbBo=
gonum.org/v1/gonum v0.6.0 h1:DJy6UzXbahnGUf1ujUNkh/NEtK14qMo2nvlBPs4U5yw=
gonum.org/v1/gonum v0.6.0/go.mod h1:9mxDZsDKxgMAuccQkewq682L+0eCu4dCN2yonUJTCLU=
gonum.org/v1/netlib v0.0.0-20190313105609-8cb42192e0e0 h1:OE9mWmgKkjJyEmDAAtGMPjXu+YNeGvK9VTSHY6+Qihc=
gonum.org/v1/netlib v0.0.0-20190313105609-8cb42192e0e0/go.mod h1:wa6Ws7BG/ESfp6dHfk7C6KdzKA7wR7u/rKwOGE66zvw=
gonum.org/v1/plot v0.0.0-20190515093506-e2840ee46a6b/go.mod h1:Wt8AAjI+ypCyYX3nZBvf6cAIx93T+c/OS2HFAYskSZc=
gopkg.in/check.v1 v0.0.0-20161208181325-20d25e280405/go.mod h1:Co6ibVJAznAaIkqp8huTwlJQCZ016jof/cbN4VW5Yz0=
gopkg.in/fsnotify.v1 v1.4.7/go.mod h1:Tz8NjZHkW78fSQdbUxIjBTcgA1z1m8ZHf0WmKUhAMys=
gopkg.in/tomb.v1 v1.0.0-20141024135613-dd632973f1e7/go.mod h1:dt/ZhP58zS4L8KSrWDmTeBkI65Dw0HsyUHuEVlX15mw=
gopkg.in/yaml.v2 v2.2.1/go.mod h1:hI93XBmqTisBFMUTm0b8Fm+jr3Dg1NNxqwp+5A1VGuI=
rsc.io/pdf v0.1.1/go.mod h1:n8OzWcQ6Sp37PL01nO98y4iUCRdTGarVfzxY20ICaU4=
